
Microsoft Visual Studio Solution File, Format Version 12.00
# Visual Studio Version 17
VisualStudioVersion = 17.1.32414.318
MinimumVisualStudioVersion = 10.0.40219.1
Project("{FAE04EC0-301F-11D3-BF4B-00C04F79EFBC}") = "Algorithm_in_CSharp", "Algorithm_in_CSharp\Algorithm_in_CSharp.csproj", "{BE2EDD49-D0C8-4F8B-A8BE-B305F9C903B6}"
EndProject
Global
	GlobalSection(SolutionConfigurationPlatforms) = preSolution
		Debug|Any CPU = Debug|Any CPU
		Release|Any CPU = Release|Any CPU
	EndGlobalSection
	GlobalSection(ProjectConfigurationPlatforms) = postSolution
		{BE2EDD49-D0C8-4F8B-A8BE-B305F9C903B6}.Debug|Any CPU.ActiveCfg = Debug|Any CPU
		{BE2EDD49-D0C8-4F8B-A8BE-B305F9C903B6}.Debug|Any CPU.Build.0 = Debug|Any CPU
		{BE2EDD49-D0C8-4F8B-A8BE-B305F9C903B6}.Release|Any CPU.ActiveCfg = Release|Any CPU
		{BE2EDD49-D0C8-4F8B-A8BE-B305F9C903B6}.Release|Any CPU.Build.0 = Release|Any CPU
	EndGlobalSection
	GlobalSection(SolutionProperties) = preSolution
		HideSolutionNode = FALSE
	EndGlobalSection
	GlobalSection(ExtensibilityGlobals) = postSolution
		SolutionGuid = {85EB5F73-CAC7-48B2-A7E2-389993986E7B}
	EndGlobalSection
EndGlobal
